
Microsoft Visual Studio Solution File, Format Version 12.00
# Visual Studio 15
VisualStudioVersion = 15.0.27703.2018
MinimumVisualStudioVersion = 10.0.40219.1
Project("{FAE04EC0-301F-11D3-BF4B-00C04F79EFBC}") = "CredentialProvider.Microsoft", "CredentialProvider.Microsoft\CredentialProvider.Microsoft.csproj", "{E991747F-A42E-4502-A797-7886FFB14841}"
EndProject
Global
	GlobalSection(SolutionConfigurationPlatforms) = preSolution
		Debug|Any CPU = Debug|Any CPU
		Release|Any CPU = Release|Any CPU
	EndGlobalSection
	GlobalSection(ProjectConfigurationPlatforms) = postSolution
		{E991747F-A42E-4502-A797-7886FFB14841}.Debug|Any CPU.ActiveCfg = Debug|Any CPU
		{E991747F-A42E-4502-A797-7886FFB14841}.Debug|Any CPU.Build.0 = Debug|Any CPU
		{E991747F-A42E-4502-A797-7886FFB14841}.Release|Any CPU.ActiveCfg = Release|Any CPU
		{E991747F-A42E-4502-A797-7886FFB14841}.Release|Any CPU.Build.0 = Release|Any CPU
	EndGlobalSection
	GlobalSection(SolutionProperties) = preSolution
		HideSolutionNode = FALSE
	EndGlobalSection
	GlobalSection(ExtensibilityGlobals) = postSolution
		SolutionGuid = {B8C4B4A0-5840-4475-86EA-05AF868057AF}
	EndGlobalSection
EndGlobal
