
Microsoft Visual Studio Solution File, Format Version 12.00
# Visual Studio Version 16
VisualStudioVersion = 16.0.29411.138
MinimumVisualStudioVersion = 10.0.40219.1
Project("{9A19103F-16F7-4668-BE54-9A1E7A4F7556}") = "CredentialProvider.Microsoft", "CredentialProvider.Microsoft\CredentialProvider.Microsoft.csproj", "{E991747F-A42E-4502-A797-7886FFB14841}"
EndProject
Project("{9A19103F-16F7-4668-BE54-9A1E7A4F7556}") = "CredentialProvider.Microsoft.Tests", "CredentialProvider.Microsoft.Tests\CredentialProvider.Microsoft.Tests.csproj", "{22ACC99A-B915-4DEC-A525-0DB6C8171639}"
EndProject
Project("{2150E333-8FDC-42A3-9474-1A3956D46DE8}") = "Solution Items", "Solution Items", "{3A10D4CB-5F08-4267-9199-B1C811498912}"
	ProjectSection(SolutionItems) = preProject
		Build.props = Build.props
	EndProjectSection
EndProject
Project("{2150E333-8FDC-42A3-9474-1A3956D46DE8}") = "src", "src", "{37ABB2C5-BCCA-4760-BA5A-2171606062D4}"
EndProject
Project("{FAE04EC0-301F-11D3-BF4B-00C04F79EFBC}") = "Microsoft.Artifacts.Authentication", "src\Authentication\Microsoft.Artifacts.Authentication.csproj", "{505FEC6B-0A7E-45C1-A78A-71C7694F3CAD}"
EndProject
Project("{FAE04EC0-301F-11D3-BF4B-00C04F79EFBC}") = "Microsoft.Artifacts.Authentication.Tests", "src\Authentication.Tests\Microsoft.Artifacts.Authentication.Tests.csproj", "{7B44129A-0105-445E-8620-567EE7E8F815}"
EndProject
Global
	GlobalSection(SolutionConfigurationPlatforms) = preSolution
		Debug|Any CPU = Debug|Any CPU
		Release|Any CPU = Release|Any CPU
	EndGlobalSection
	GlobalSection(ProjectConfigurationPlatforms) = postSolution
		{E991747F-A42E-4502-A797-7886FFB14841}.Debug|Any CPU.ActiveCfg = Debug|Any CPU
		{E991747F-A42E-4502-A797-7886FFB14841}.Debug|Any CPU.Build.0 = Debug|Any CPU
		{E991747F-A42E-4502-A797-7886FFB14841}.Release|Any CPU.ActiveCfg = Release|Any CPU
		{E991747F-A42E-4502-A797-7886FFB14841}.Release|Any CPU.Build.0 = Release|Any CPU
		{22ACC99A-B915-4DEC-A525-0DB6C8171639}.Debug|Any CPU.ActiveCfg = Debug|Any CPU
		{22ACC99A-B915-4DEC-A525-0DB6C8171639}.Debug|Any CPU.Build.0 = Debug|Any CPU
		{22ACC99A-B915-4DEC-A525-0DB6C8171639}.Release|Any CPU.ActiveCfg = Release|Any CPU
		{22ACC99A-B915-4DEC-A525-0DB6C8171639}.Release|Any CPU.Build.0 = Release|Any CPU
		{505FEC6B-0A7E-45C1-A78A-71C7694F3CAD}.Debug|Any CPU.ActiveCfg = Debug|Any CPU
		{505FEC6B-0A7E-45C1-A78A-71C7694F3CAD}.Debug|Any CPU.Build.0 = Debug|Any CPU
		{505FEC6B-0A7E-45C1-A78A-71C7694F3CAD}.Release|Any CPU.ActiveCfg = Release|Any CPU
		{505FEC6B-0A7E-45C1-A78A-71C7694F3CAD}.Release|Any CPU.Build.0 = Release|Any CPU
		{7B44129A-0105-445E-8620-567EE7E8F815}.Debug|Any CPU.ActiveCfg = Debug|Any CPU
		{7B44129A-0105-445E-8620-567EE7E8F815}.Debug|Any CPU.Build.0 = Debug|Any CPU
		{7B44129A-0105-445E-8620-567EE7E8F815}.Release|Any CPU.ActiveCfg = Release|Any CPU
		{7B44129A-0105-445E-8620-567EE7E8F815}.Release|Any CPU.Build.0 = Release|Any CPU
	EndGlobalSection
	GlobalSection(SolutionProperties) = preSolution
		HideSolutionNode = FALSE
	EndGlobalSection
	GlobalSection(ExtensibilityGlobals) = postSolution
		SolutionGuid = {B8C4B4A0-5840-4475-86EA-05AF868057AF}
	EndGlobalSection
	GlobalSection(NestedProjects) = preSolution
		{505FEC6B-0A7E-45C1-A78A-71C7694F3CAD} = {37ABB2C5-BCCA-4760-BA5A-2171606062D4}
		{7B44129A-0105-445E-8620-567EE7E8F815} = {37ABB2C5-BCCA-4760-BA5A-2171606062D4}
	EndGlobalSection
EndGlobal
